
Microsoft Visual Studio Solution File, Format Version 12.00
# Visual Studio Version 17
VisualStudioVersion = 17.7.34221.43
MinimumVisualStudioVersion = 10.0.40219.1
Project("{FAE04EC0-301F-11D3-BF4B-00C04F79EFBC}") = "EstanciaEmpresarial", "EstanciaEmpresarial\EstanciaEmpresarial.csproj", "{F1F165DE-F948-48D0-ACDF-D265C8FABBA4}"
EndProject
Global
	GlobalSection(SolutionConfigurationPlatforms) = preSolution
		Debug|Any CPU = Debug|Any CPU
		Release|Any CPU = Release|Any CPU
	EndGlobalSection
	GlobalSection(ProjectConfigurationPlatforms) = postSolution
		{F1F165DE-F948-48D0-ACDF-D265C8FABBA4}.Debug|Any CPU.ActiveCfg = Debug|Any CPU
		{F1F165DE-F948-48D0-ACDF-D265C8FABBA4}.Debug|Any CPU.Build.0 = Debug|Any CPU
		{F1F165DE-F948-48D0-ACDF-D265C8FABBA4}.Release|Any CPU.ActiveCfg = Release|Any CPU
		{F1F165DE-F948-48D0-ACDF-D265C8FABBA4}.Release|Any CPU.Build.0 = Release|Any CPU
	EndGlobalSection
	GlobalSection(SolutionProperties) = preSolution
		HideSolutionNode = FALSE
	EndGlobalSection
	GlobalSection(ExtensibilityGlobals) = postSolution
		SolutionGuid = {94B18386-CF99-4926-B856-CC08AD5FB900}
	EndGlobalSection
EndGlobal
